
Microsoft Visual Studio Solution File, Format Version 12.00
# Visual Studio Version 17
VisualStudioVersion = 17.5.33530.505
MinimumVisualStudioVersion = 10.0.40219.1
Project("{FAE04EC0-301F-11D3-BF4B-00C04F79EFBC}") = "Travel Booking System", "Travel Booking System.csproj", "{AE2D884F-65EB-4180-95CC-C5352B2C5908}"
EndProject
Global
	GlobalSection(SolutionConfigurationPlatforms) = preSolution
		Debug|Any CPU = Debug|Any CPU
		Release|Any CPU = Release|Any CPU
	EndGlobalSection
	GlobalSection(ProjectConfigurationPlatforms) = postSolution
		{AE2D884F-65EB-4180-95CC-C5352B2C5908}.Debug|Any CPU.ActiveCfg = Debug|Any CPU
		{AE2D884F-65EB-4180-95CC-C5352B2C5908}.Debug|Any CPU.Build.0 = Debug|Any CPU
		{AE2D884F-65EB-4180-95CC-C5352B2C5908}.Release|Any CPU.ActiveCfg = Release|Any CPU
		{AE2D884F-65EB-4180-95CC-C5352B2C5908}.Release|Any CPU.Build.0 = Release|Any CPU
	EndGlobalSection
	GlobalSection(SolutionProperties) = preSolution
		HideSolutionNode = FALSE
	EndGlobalSection
	GlobalSection(ExtensibilityGlobals) = postSolution
		SolutionGuid = {27F27F56-B60D-4816-9387-AD359B79839A}
	EndGlobalSection
EndGlobal
